
Microsoft Visual Studio Solution File, Format Version 12.00
# Visual Studio Version 17
VisualStudioVersion = 17.4.33403.182
MinimumVisualStudioVersion = 10.0.40219.1
Project("{FAE04EC0-301F-11D3-BF4B-00C04F79EFBC}") = "ActualizadorSistemas", "ActualizadorSistemas\ActualizadorSistemas.csproj", "{8E3C7A40-13FB-4421-B0CD-3ADA5CBB0101}"
EndProject
Global
	GlobalSection(SolutionConfigurationPlatforms) = preSolution
		Debug|Any CPU = Debug|Any CPU
		Release|Any CPU = Release|Any CPU
	EndGlobalSection
	GlobalSection(ProjectConfigurationPlatforms) = postSolution
		{8E3C7A40-13FB-4421-B0CD-3ADA5CBB0101}.Debug|Any CPU.ActiveCfg = Debug|Any CPU
		{8E3C7A40-13FB-4421-B0CD-3ADA5CBB0101}.Debug|Any CPU.Build.0 = Debug|Any CPU
		{8E3C7A40-13FB-4421-B0CD-3ADA5CBB0101}.Release|Any CPU.ActiveCfg = Release|Any CPU
		{8E3C7A40-13FB-4421-B0CD-3ADA5CBB0101}.Release|Any CPU.Build.0 = Release|Any CPU
	EndGlobalSection
	GlobalSection(SolutionProperties) = preSolution
		HideSolutionNode = FALSE
	EndGlobalSection
	GlobalSection(ExtensibilityGlobals) = postSolution
		SolutionGuid = {0B7A54DC-398C-4929-ABC6-ECD79AF843DA}
	EndGlobalSection
EndGlobal
